# THIS IS AN AUTOGENERATED FILE. DO NOT EDIT THIS FILE DIRECTLY.
# yarn lockfile v1


turbo-darwin-64@2.3.2:
  version "2.3.2"
  resolved "https://registry.yarnpkg.com/turbo-darwin-64/-/turbo-darwin-64-2.3.2.tgz#e257f6b7911718b1d45b7fa129506b58e38daf62"
  integrity sha512-B1lS/UqjXNsG+kx1uzJNwXMuw2i5wavcyNy8opvSLjfuECdsqQU9B1wPqkSTU+mZjFTJcEfiGKyJ/I2EVk8vdw==

turbo-darwin-arm64@2.3.2:
  version "2.3.2"
  resolved "https://registry.yarnpkg.com/turbo-darwin-arm64/-/turbo-darwin-arm64-2.3.2.tgz#96e09af5c710a62196cd313bca83dbbfab84f50f"
  integrity sha512-XHeuEdk9tHaw2Bsr3rTzFtZyldeSyagDZkOSPIJ1zioavMjWEFPA75vdgy4j8ns96EBpZMaPXVEnODuEHfiZfQ==

turbo-linux-64@2.3.2:
  version "2.3.2"
  resolved "https://registry.yarnpkg.com/turbo-linux-64/-/turbo-linux-64-2.3.2.tgz#7508f591c6874fdd6fab54658f55489363c20b0a"
  integrity sha512-oKDsO5+flqpPx5tNLFGVUYpJ/sBc3KvaGpyNzXl2u3epzyafgblFKWMG5YsSiU1ruouPpcC6YG5SN5chA7Abfg==

turbo-linux-arm64@2.3.2:
  version "2.3.2"
  resolved "https://registry.yarnpkg.com/turbo-linux-arm64/-/turbo-linux-arm64-2.3.2.tgz#15109394c077374fbe7657129c08b75ea5008c1c"
  integrity sha512-luyvTl3wQ1hF+ljK7ljH4TL7rg4pmx5pQ2mzvfMvPo5eaLuKr/tImmbdH6/vr56iffUIISkIsLVhVxgZeAsUOw==

turbo-windows-64@2.3.2:
  version "2.3.2"
  resolved "https://registry.yarnpkg.com/turbo-windows-64/-/turbo-windows-64-2.3.2.tgz#c15d3aa097b7396432360103b9e74991e3bb6cee"
  integrity sha512-yw7BnTU5cE7GdUnZEW3jIAI98hh4dcWk+Jwza8X7CXpxpill2zteq7VPf+a/B3o/xm+oVXzLmP83YP91Bm0SaA==

turbo-windows-arm64@2.3.2:
  version "2.3.2"
  resolved "https://registry.yarnpkg.com/turbo-windows-arm64/-/turbo-windows-arm64-2.3.2.tgz#9c03ea846d706f9cf92e50ade43f8f67adf7d744"
  integrity sha512-Hgp6V7jaIYlDcy5xpKN+XXyYCf5afT690GmXcEsMoUawd5dStvZe0QHWcGxuqho497BAlx0XGAWftm0KelNePA==

turbo@^2.3.2:
  version "2.3.2"
  resolved "https://registry.yarnpkg.com/turbo/-/turbo-2.3.2.tgz#e914e7942b948f020e7629052b759d7936b9838c"
  integrity sha512-vCJPoy8/3KkqY3W0cX2nrwhmtBQSZhEyrVgeJ4NlEXwGxu5vNRQDyV6se5VVAQMwfBsBJswlo87B7ai7Dr1MpQ==
  optionalDependencies:
    turbo-darwin-64 "2.3.2"
    turbo-darwin-arm64 "2.3.2"
    turbo-linux-64 "2.3.2"
    turbo-linux-arm64 "2.3.2"
    turbo-windows-64 "2.3.2"
    turbo-windows-arm64 "2.3.2"
